
Microsoft Visual Studio Solution File, Format Version 12.00
# Visual Studio Version 17
VisualStudioVersion = 17.11.35219.272
MinimumVisualStudioVersion = 10.0.40219.1
Project("{FAE04EC0-301F-11D3-BF4B-00C04F79EFBC}") = "SendMail-Api", "SendMail-Api\SendMail-Api.csproj", "{19862285-AA55-4A34-BF53-CFB9A364F0E6}"
EndProject
Project("{FAE04EC0-301F-11D3-BF4B-00C04F79EFBC}") = "SendMail-Api.Presentation", "SendMail-Api.Presentation\SendMail-Api.Presentation.csproj", "{F1B4D4EC-BA65-46A9-A58E-9D91F3147EB0}"
EndProject
Project("{FAE04EC0-301F-11D3-BF4B-00C04F79EFBC}") = "Shared", "Shared\Shared.csproj", "{163537FF-C610-42B4-89E1-4E436ACE9E14}"
EndProject
Global
	GlobalSection(SolutionConfigurationPlatforms) = preSolution
		Debug|Any CPU = Debug|Any CPU
		Release|Any CPU = Release|Any CPU
	EndGlobalSection
	GlobalSection(ProjectConfigurationPlatforms) = postSolution
		{19862285-AA55-4A34-BF53-CFB9A364F0E6}.Debug|Any CPU.ActiveCfg = Debug|Any CPU
		{19862285-AA55-4A34-BF53-CFB9A364F0E6}.Debug|Any CPU.Build.0 = Debug|Any CPU
		{19862285-AA55-4A34-BF53-CFB9A364F0E6}.Release|Any CPU.ActiveCfg = Release|Any CPU
		{19862285-AA55-4A34-BF53-CFB9A364F0E6}.Release|Any CPU.Build.0 = Release|Any CPU
		{F1B4D4EC-BA65-46A9-A58E-9D91F3147EB0}.Debug|Any CPU.ActiveCfg = Debug|Any CPU
		{F1B4D4EC-BA65-46A9-A58E-9D91F3147EB0}.Debug|Any CPU.Build.0 = Debug|Any CPU
		{F1B4D4EC-BA65-46A9-A58E-9D91F3147EB0}.Release|Any CPU.ActiveCfg = Release|Any CPU
		{F1B4D4EC-BA65-46A9-A58E-9D91F3147EB0}.Release|Any CPU.Build.0 = Release|Any CPU
		{163537FF-C610-42B4-89E1-4E436ACE9E14}.Debug|Any CPU.ActiveCfg = Debug|Any CPU
		{163537FF-C610-42B4-89E1-4E436ACE9E14}.Debug|Any CPU.Build.0 = Debug|Any CPU
		{163537FF-C610-42B4-89E1-4E436ACE9E14}.Release|Any CPU.ActiveCfg = Release|Any CPU
		{163537FF-C610-42B4-89E1-4E436ACE9E14}.Release|Any CPU.Build.0 = Release|Any CPU
	EndGlobalSection
	GlobalSection(SolutionProperties) = preSolution
		HideSolutionNode = FALSE
	EndGlobalSection
	GlobalSection(ExtensibilityGlobals) = postSolution
		SolutionGuid = {D4492EDC-5A12-4117-9E19-0EAA1B58ADE0}
	EndGlobalSection
EndGlobal
